
Microsoft Visual Studio Solution File, Format Version 12.00
# Visual Studio 15
VisualStudioVersion = 15.0.28010.2041
MinimumVisualStudioVersion = 10.0.40219.1
Project("{FAE04EC0-301F-11D3-BF4B-00C04F79EFBC}") = "CurrencyConverter", "AZsd\CurrencyConverter.csproj", "{9F7ABEAF-9A42-4975-B0FA-2A9398EA7254}"
EndProject
Project("{FAE04EC0-301F-11D3-BF4B-00C04F79EFBC}") = "TailoringWorkshop", "TailoringWorkshop\TailoringWorkshop.csproj", "{3E159D6A-C304-414B-8C5F-39D35ABE0131}"
EndProject
Project("{FAE04EC0-301F-11D3-BF4B-00C04F79EFBC}") = "DancinHall", "DancinHall\DancinHall.csproj", "{7F2B858E-16C1-4543-A724-AD8174C66E57}"
EndProject
Project("{FAE04EC0-301F-11D3-BF4B-00C04F79EFBC}") = "CharityCampaign", "CharityCampaign\CharityCampaign.csproj", "{502658C9-0703-4F2C-958D-1AD12ABA43D6}"
EndProject
Project("{FAE04EC0-301F-11D3-BF4B-00C04F79EFBC}") = "AlcoholMarket", "AlcoholMarket\AlcoholMarket.csproj", "{226BBF79-5265-4B71-8974-7DFF7B68A402}"
EndProject
Project("{FAE04EC0-301F-11D3-BF4B-00C04F79EFBC}") = "Seconds", "Seconds\Seconds.csproj", "{1E00E1B9-9DD0-4650-BCC8-D8CCE8BBBB8F}"
EndProject
Project("{FAE04EC0-301F-11D3-BF4B-00C04F79EFBC}") = "BonusScores", "BonusScores\BonusScores.csproj", "{87632A94-3E17-4520-A778-4D34AC1E4023}"
EndProject
Project("{FAE04EC0-301F-11D3-BF4B-00C04F79EFBC}") = "MetricConverter", "MetricConverter\MetricConverter.csproj", "{08D04D8E-62D7-4344-8B9A-F0E2DF144461}"
EndProject
Project("{FAE04EC0-301F-11D3-BF4B-00C04F79EFBC}") = "Time", "Time\Time.csproj", "{C8381FA6-621B-4034-96E2-DBED2BC28E7B}"
EndProject
Project("{FAE04EC0-301F-11D3-BF4B-00C04F79EFBC}") = "ThreeBrothers", "ThreeBrothers\ThreeBrothers.csproj", "{D0DEA054-70F4-4E04-880B-24623F944C14}"
EndProject
Project("{FAE04EC0-301F-11D3-BF4B-00C04F79EFBC}") = "Scholarship", "Scholarship\Scholarship.csproj", "{E1A6875D-135B-4622-9C1F-EF4D76F3BF32}"
EndProject
Project("{FAE04EC0-301F-11D3-BF4B-00C04F79EFBC}") = "Choreography", "Choreography\Choreography.csproj", "{92F8CCAF-768E-481F-917C-225F6ADCA415}"
EndProject
Project("{FAE04EC0-301F-11D3-BF4B-00C04F79EFBC}") = "SwimmingRecord", "SwimmingRecord\SwimmingRecord.csproj", "{B24938E2-21B5-4E53-9112-085EE491B50C}"
EndProject
Project("{FAE04EC0-301F-11D3-BF4B-00C04F79EFBC}") = "TradeComissions", "TradeComissions\TradeComissions.csproj", "{A5AECF42-2B63-4738-9EF1-63BC0541B616}"
EndProject
Project("{FAE04EC0-301F-11D3-BF4B-00C04F79EFBC}") = "dayOfWeek", "dayOfWeek\dayOfWeek.csproj", "{4B694739-8121-42ED-A137-B3A781942D13}"
EndProject
Project("{FAE04EC0-301F-11D3-BF4B-00C04F79EFBC}") = "Tickets", "Tickets\Tickets.csproj", "{A7BB4F0A-15BB-4997-9A76-D7D3DDAB78BA}"
EndProject
Project("{FAE04EC0-301F-11D3-BF4B-00C04F79EFBC}") = "PointsOnRectangle", "PointsOnRectangle\PointsOnRectangle.csproj", "{D76360FC-6604-46AB-8C99-46F069C43AEE}"
EndProject
Project("{FAE04EC0-301F-11D3-BF4B-00C04F79EFBC}") = "VoleyBall", "Cinema\VoleyBall.csproj", "{7FF40B9E-1C09-442B-9FFE-0C46C74BF91C}"
EndProject
Project("{FAE04EC0-301F-11D3-BF4B-00C04F79EFBC}") = "ClothesChooser", "ClothesChooser\ClothesChooser.csproj", "{278A2540-59B1-4F70-A84B-FF77EACD6462}"
EndProject
Project("{FAE04EC0-301F-11D3-BF4B-00C04F79EFBC}") = "NewHome", "NewHome\NewHome.csproj", "{65C2E505-2D68-4731-A2AE-5FF779B614FF}"
EndProject
Project("{FAE04EC0-301F-11D3-BF4B-00C04F79EFBC}") = "FishingBoat", "FishingBoat\FishingBoat.csproj", "{134795AE-340F-4B90-8B62-DCC2A1D1AB77}"
EndProject
Project("{FAE04EC0-301F-11D3-BF4B-00C04F79EFBC}") = "OnTimeForTheExam", "OnTimeForTheExam\OnTimeForTheExam.csproj", "{D2E04FD9-4B35-4822-8383-543048645106}"
EndProject
Project("{FAE04EC0-301F-11D3-BF4B-00C04F79EFBC}") = "Journey", "Journey\Journey.csproj", "{6FB379BD-4EC6-41BC-8FF3-5A0A64D21C5B}"
EndProject
Project("{FAE04EC0-301F-11D3-BF4B-00C04F79EFBC}") = "OperationBetweenNumbers", "OperationBetweenNumbers\OperationBetweenNumbers.csproj", "{E9652CB6-00A4-49F0-9ED3-634B67434AD8}"
EndProject
Project("{FAE04EC0-301F-11D3-BF4B-00C04F79EFBC}") = "HotelRoom", "HotelRoom\HotelRoom.csproj", "{8A4036DA-ADAF-417D-B919-033B209749EA}"
EndProject
Global
	GlobalSection(SolutionConfigurationPlatforms) = preSolution
		Debug|Any CPU = Debug|Any CPU
		Release|Any CPU = Release|Any CPU
	EndGlobalSection
	GlobalSection(ProjectConfigurationPlatforms) = postSolution
		{9F7ABEAF-9A42-4975-B0FA-2A9398EA7254}.Debug|Any CPU.ActiveCfg = Debug|Any CPU
		{9F7ABEAF-9A42-4975-B0FA-2A9398EA7254}.Debug|Any CPU.Build.0 = Debug|Any CPU
		{9F7ABEAF-9A42-4975-B0FA-2A9398EA7254}.Release|Any CPU.ActiveCfg = Release|Any CPU
		{9F7ABEAF-9A42-4975-B0FA-2A9398EA7254}.Release|Any CPU.Build.0 = Release|Any CPU
		{3E159D6A-C304-414B-8C5F-39D35ABE0131}.Debug|Any CPU.ActiveCfg = Debug|Any CPU
		{3E159D6A-C304-414B-8C5F-39D35ABE0131}.Debug|Any CPU.Build.0 = Debug|Any CPU
		{3E159D6A-C304-414B-8C5F-39D35ABE0131}.Release|Any CPU.ActiveCfg = Release|Any CPU
		{3E159D6A-C304-414B-8C5F-39D35ABE0131}.Release|Any CPU.Build.0 = Release|Any CPU
		{7F2B858E-16C1-4543-A724-AD8174C66E57}.Debug|Any CPU.ActiveCfg = Debug|Any CPU
		{7F2B858E-16C1-4543-A724-AD8174C66E57}.Debug|Any CPU.Build.0 = Debug|Any CPU
		{7F2B858E-16C1-4543-A724-AD8174C66E57}.Release|Any CPU.ActiveCfg = Release|Any CPU
		{7F2B858E-16C1-4543-A724-AD8174C66E57}.Release|Any CPU.Build.0 = Release|Any CPU
		{502658C9-0703-4F2C-958D-1AD12ABA43D6}.Debug|Any CPU.ActiveCfg = Debug|Any CPU
		{502658C9-0703-4F2C-958D-1AD12ABA43D6}.Debug|Any CPU.Build.0 = Debug|Any CPU
		{502658C9-0703-4F2C-958D-1AD12ABA43D6}.Release|Any CPU.ActiveCfg = Release|Any CPU
		{502658C9-0703-4F2C-958D-1AD12ABA43D6}.Release|Any CPU.Build.0 = Release|Any CPU
		{226BBF79-5265-4B71-8974-7DFF7B68A402}.Debug|Any CPU.ActiveCfg = Debug|Any CPU
		{226BBF79-5265-4B71-8974-7DFF7B68A402}.Debug|Any CPU.Build.0 = Debug|Any CPU
		{226BBF79-5265-4B71-8974-7DFF7B68A402}.Release|Any CPU.ActiveCfg = Release|Any CPU
		{226BBF79-5265-4B71-8974-7DFF7B68A402}.Release|Any CPU.Build.0 = Release|Any CPU
		{1E00E1B9-9DD0-4650-BCC8-D8CCE8BBBB8F}.Debug|Any CPU.ActiveCfg = Debug|Any CPU
		{1E00E1B9-9DD0-4650-BCC8-D8CCE8BBBB8F}.Debug|Any CPU.Build.0 = Debug|Any CPU
		{1E00E1B9-9DD0-4650-BCC8-D8CCE8BBBB8F}.Release|Any CPU.ActiveCfg = Release|Any CPU
		{1E00E1B9-9DD0-4650-BCC8-D8CCE8BBBB8F}.Release|Any CPU.Build.0 = Release|Any CPU
		{87632A94-3E17-4520-A778-4D34AC1E4023}.Debug|Any CPU.ActiveCfg = Debug|Any CPU
		{87632A94-3E17-4520-A778-4D34AC1E4023}.Debug|Any CPU.Build.0 = Debug|Any CPU
		{87632A94-3E17-4520-A778-4D34AC1E4023}.Release|Any CPU.ActiveCfg = Release|Any CPU
		{87632A94-3E17-4520-A778-4D34AC1E4023}.Release|Any CPU.Build.0 = Release|Any CPU
		{08D04D8E-62D7-4344-8B9A-F0E2DF144461}.Debug|Any CPU.ActiveCfg = Debug|Any CPU
		{08D04D8E-62D7-4344-8B9A-F0E2DF144461}.Debug|Any CPU.Build.0 = Debug|Any CPU
		{08D04D8E-62D7-4344-8B9A-F0E2DF144461}.Release|Any CPU.ActiveCfg = Release|Any CPU
		{08D04D8E-62D7-4344-8B9A-F0E2DF144461}.Release|Any CPU.Build.0 = Release|Any CPU
		{C8381FA6-621B-4034-96E2-DBED2BC28E7B}.Debug|Any CPU.ActiveCfg = Debug|Any CPU
		{C8381FA6-621B-4034-96E2-DBED2BC28E7B}.Debug|Any CPU.Build.0 = Debug|Any CPU
		{C8381FA6-621B-4034-96E2-DBED2BC28E7B}.Release|Any CPU.ActiveCfg = Release|Any CPU
		{C8381FA6-621B-4034-96E2-DBED2BC28E7B}.Release|Any CPU.Build.0 = Release|Any CPU
		{D0DEA054-70F4-4E04-880B-24623F944C14}.Debug|Any CPU.ActiveCfg = Debug|Any CPU
		{D0DEA054-70F4-4E04-880B-24623F944C14}.Debug|Any CPU.Build.0 = Debug|Any CPU
		{D0DEA054-70F4-4E04-880B-24623F944C14}.Release|Any CPU.ActiveCfg = Release|Any CPU
		{D0DEA054-70F4-4E04-880B-24623F944C14}.Release|Any CPU.Build.0 = Release|Any CPU
		{E1A6875D-135B-4622-9C1F-EF4D76F3BF32}.Debug|Any CPU.ActiveCfg = Debug|Any CPU
		{E1A6875D-135B-4622-9C1F-EF4D76F3BF32}.Debug|Any CPU.Build.0 = Debug|Any CPU
		{E1A6875D-135B-4622-9C1F-EF4D76F3BF32}.Release|Any CPU.ActiveCfg = Release|Any CPU
		{E1A6875D-135B-4622-9C1F-EF4D76F3BF32}.Release|Any CPU.Build.0 = Release|Any CPU
		{92F8CCAF-768E-481F-917C-225F6ADCA415}.Debug|Any CPU.ActiveCfg = Debug|Any CPU
		{92F8CCAF-768E-481F-917C-225F6ADCA415}.Debug|Any CPU.Build.0 = Debug|Any CPU
		{92F8CCAF-768E-481F-917C-225F6ADCA415}.Release|Any CPU.ActiveCfg = Release|Any CPU
		{92F8CCAF-768E-481F-917C-225F6ADCA415}.Release|Any CPU.Build.0 = Release|Any CPU
		{B24938E2-21B5-4E53-9112-085EE491B50C}.Debug|Any CPU.ActiveCfg = Debug|Any CPU
		{B24938E2-21B5-4E53-9112-085EE491B50C}.Debug|Any CPU.Build.0 = Debug|Any CPU
		{B24938E2-21B5-4E53-9112-085EE491B50C}.Release|Any CPU.ActiveCfg = Release|Any CPU
		{B24938E2-21B5-4E53-9112-085EE491B50C}.Release|Any CPU.Build.0 = Release|Any CPU
		{A5AECF42-2B63-4738-9EF1-63BC0541B616}.Debug|Any CPU.ActiveCfg = Debug|Any CPU
		{A5AECF42-2B63-4738-9EF1-63BC0541B616}.Debug|Any CPU.Build.0 = Debug|Any CPU
		{A5AECF42-2B63-4738-9EF1-63BC0541B616}.Release|Any CPU.ActiveCfg = Release|Any CPU
		{A5AECF42-2B63-4738-9EF1-63BC0541B616}.Release|Any CPU.Build.0 = Release|Any CPU
		{4B694739-8121-42ED-A137-B3A781942D13}.Debug|Any CPU.ActiveCfg = Debug|Any CPU
		{4B694739-8121-42ED-A137-B3A781942D13}.Debug|Any CPU.Build.0 = Debug|Any CPU
		{4B694739-8121-42ED-A137-B3A781942D13}.Release|Any CPU.ActiveCfg = Release|Any CPU
		{4B694739-8121-42ED-A137-B3A781942D13}.Release|Any CPU.Build.0 = Release|Any CPU
		{A7BB4F0A-15BB-4997-9A76-D7D3DDAB78BA}.Debug|Any CPU.ActiveCfg = Debug|Any CPU
		{A7BB4F0A-15BB-4997-9A76-D7D3DDAB78BA}.Debug|Any CPU.Build.0 = Debug|Any CPU
		{A7BB4F0A-15BB-4997-9A76-D7D3DDAB78BA}.Release|Any CPU.ActiveCfg = Release|Any CPU
		{A7BB4F0A-15BB-4997-9A76-D7D3DDAB78BA}.Release|Any CPU.Build.0 = Release|Any CPU
		{D76360FC-6604-46AB-8C99-46F069C43AEE}.Debug|Any CPU.ActiveCfg = Debug|Any CPU
		{D76360FC-6604-46AB-8C99-46F069C43AEE}.Debug|Any CPU.Build.0 = Debug|Any CPU
		{D76360FC-6604-46AB-8C99-46F069C43AEE}.Release|Any CPU.ActiveCfg = Release|Any CPU
		{D76360FC-6604-46AB-8C99-46F069C43AEE}.Release|Any CPU.Build.0 = Release|Any CPU
		{7FF40B9E-1C09-442B-9FFE-0C46C74BF91C}.Debug|Any CPU.ActiveCfg = Debug|Any CPU
		{7FF40B9E-1C09-442B-9FFE-0C46C74BF91C}.Debug|Any CPU.Build.0 = Debug|Any CPU
		{7FF40B9E-1C09-442B-9FFE-0C46C74BF91C}.Release|Any CPU.ActiveCfg = Release|Any CPU
		{7FF40B9E-1C09-442B-9FFE-0C46C74BF91C}.Release|Any CPU.Build.0 = Release|Any CPU
		{278A2540-59B1-4F70-A84B-FF77EACD6462}.Debug|Any CPU.ActiveCfg = Debug|Any CPU
		{278A2540-59B1-4F70-A84B-FF77EACD6462}.Debug|Any CPU.Build.0 = Debug|Any CPU
		{278A2540-59B1-4F70-A84B-FF77EACD6462}.Release|Any CPU.ActiveCfg = Release|Any CPU
		{278A2540-59B1-4F70-A84B-FF77EACD6462}.Release|Any CPU.Build.0 = Release|Any CPU
		{65C2E505-2D68-4731-A2AE-5FF779B614FF}.Debug|Any CPU.ActiveCfg = Debug|Any CPU
		{65C2E505-2D68-4731-A2AE-5FF779B614FF}.Debug|Any CPU.Build.0 = Debug|Any CPU
		{65C2E505-2D68-4731-A2AE-5FF779B614FF}.Release|Any CPU.ActiveCfg = Release|Any CPU
		{65C2E505-2D68-4731-A2AE-5FF779B614FF}.Release|Any CPU.Build.0 = Release|Any CPU
		{134795AE-340F-4B90-8B62-DCC2A1D1AB77}.Debug|Any CPU.ActiveCfg = Debug|Any CPU
		{134795AE-340F-4B90-8B62-DCC2A1D1AB77}.Debug|Any CPU.Build.0 = Debug|Any CPU
		{134795AE-340F-4B90-8B62-DCC2A1D1AB77}.Release|Any CPU.ActiveCfg = Release|Any CPU
		{134795AE-340F-4B90-8B62-DCC2A1D1AB77}.Release|Any CPU.Build.0 = Release|Any CPU
		{D2E04FD9-4B35-4822-8383-543048645106}.Debug|Any CPU.ActiveCfg = Debug|Any CPU
		{D2E04FD9-4B35-4822-8383-543048645106}.Debug|Any CPU.Build.0 = Debug|Any CPU
		{D2E04FD9-4B35-4822-8383-543048645106}.Release|Any CPU.ActiveCfg = Release|Any CPU
		{D2E04FD9-4B35-4822-8383-543048645106}.Release|Any CPU.Build.0 = Release|Any CPU
		{6FB379BD-4EC6-41BC-8FF3-5A0A64D21C5B}.Debug|Any CPU.ActiveCfg = Debug|Any CPU
		{6FB379BD-4EC6-41BC-8FF3-5A0A64D21C5B}.Debug|Any CPU.Build.0 = Debug|Any CPU
		{6FB379BD-4EC6-41BC-8FF3-5A0A64D21C5B}.Release|Any CPU.ActiveCfg = Release|Any CPU
		{6FB379BD-4EC6-41BC-8FF3-5A0A64D21C5B}.Release|Any CPU.Build.0 = Release|Any CPU
		{E9652CB6-00A4-49F0-9ED3-634B67434AD8}.Debug|Any CPU.ActiveCfg = Debug|Any CPU
		{E9652CB6-00A4-49F0-9ED3-634B67434AD8}.Debug|Any CPU.Build.0 = Debug|Any CPU
		{E9652CB6-00A4-49F0-9ED3-634B67434AD8}.Release|Any CPU.ActiveCfg = Release|Any CPU
		{E9652CB6-00A4-49F0-9ED3-634B67434AD8}.Release|Any CPU.Build.0 = Release|Any CPU
		{8A4036DA-ADAF-417D-B919-033B209749EA}.Debug|Any CPU.ActiveCfg = Debug|Any CPU
		{8A4036DA-ADAF-417D-B919-033B209749EA}.Debug|Any CPU.Build.0 = Debug|Any CPU
		{8A4036DA-ADAF-417D-B919-033B209749EA}.Release|Any CPU.ActiveCfg = Release|Any CPU
		{8A4036DA-ADAF-417D-B919-033B209749EA}.Release|Any CPU.Build.0 = Release|Any CPU
	EndGlobalSection
	GlobalSection(SolutionProperties) = preSolution
		HideSolutionNode = FALSE
	EndGlobalSection
	GlobalSection(ExtensibilityGlobals) = postSolution
		SolutionGuid = {D662C2E3-72FC-4341-83A6-696E84666E96}
	EndGlobalSection
EndGlobal
