
Microsoft Visual Studio Solution File, Format Version 12.00
# Visual Studio Version 16
VisualStudioVersion = 16.0.29123.88
MinimumVisualStudioVersion = 10.0.40219.1
Project("{9A19103F-16F7-4668-BE54-9A1E7A4F7556}") = "CustomORM", "CustomORM\CustomORM.csproj", "{8A8434EA-EF80-4103-8935-8C4DF6CE8EBB}"
EndProject
Project("{FAE04EC0-301F-11D3-BF4B-00C04F79EFBC}") = "MiniORM", "MiniORM\MiniORM.csproj", "{ED9300FE-4122-48B6-BCE4-F09175FC5526}"
	ProjectSection(ProjectDependencies) = postProject
		{8A8434EA-EF80-4103-8935-8C4DF6CE8EBB} = {8A8434EA-EF80-4103-8935-8C4DF6CE8EBB}
	EndProjectSection
EndProject
Global
	GlobalSection(SolutionConfigurationPlatforms) = preSolution
		Debug|Any CPU = Debug|Any CPU
		Release|Any CPU = Release|Any CPU
	EndGlobalSection
	GlobalSection(ProjectConfigurationPlatforms) = postSolution
		{8A8434EA-EF80-4103-8935-8C4DF6CE8EBB}.Debug|Any CPU.ActiveCfg = Debug|Any CPU
		{8A8434EA-EF80-4103-8935-8C4DF6CE8EBB}.Debug|Any CPU.Build.0 = Debug|Any CPU
		{8A8434EA-EF80-4103-8935-8C4DF6CE8EBB}.Release|Any CPU.ActiveCfg = Release|Any CPU
		{8A8434EA-EF80-4103-8935-8C4DF6CE8EBB}.Release|Any CPU.Build.0 = Release|Any CPU
		{ED9300FE-4122-48B6-BCE4-F09175FC5526}.Debug|Any CPU.ActiveCfg = Debug|Any CPU
		{ED9300FE-4122-48B6-BCE4-F09175FC5526}.Debug|Any CPU.Build.0 = Debug|Any CPU
		{ED9300FE-4122-48B6-BCE4-F09175FC5526}.Release|Any CPU.ActiveCfg = Release|Any CPU
		{ED9300FE-4122-48B6-BCE4-F09175FC5526}.Release|Any CPU.Build.0 = Release|Any CPU
	EndGlobalSection
	GlobalSection(SolutionProperties) = preSolution
		HideSolutionNode = FALSE
	EndGlobalSection
	GlobalSection(ExtensibilityGlobals) = postSolution
		SolutionGuid = {9084B90A-5497-4F2C-B821-875F421AE2A2}
	EndGlobalSection
EndGlobal
