
Microsoft Visual Studio Solution File, Format Version 12.00
# Visual Studio Version 16
VisualStudioVersion = 16.0.29020.237
MinimumVisualStudioVersion = 10.0.40219.1
Project("{9A19103F-16F7-4668-BE54-9A1E7A4F7556}") = "Polymorphism", "Polymorphism\Polymorphism.csproj", "{E8A3AFD8-A91D-4A96-9D7F-C929EE7072AE}"
EndProject
Project("{9A19103F-16F7-4668-BE54-9A1E7A4F7556}") = "Wildfarm", "Wildfarm\Wildfarm.csproj", "{BAD867F8-9661-4891-B1E6-643C5CDB8CA4}"
EndProject
Project("{9A19103F-16F7-4668-BE54-9A1E7A4F7556}") = "Vehicles", "Vehicles\Vehicles.csproj", "{2E6CBC15-FB34-4568-A1B1-6D6095D6D7BB}"
EndProject
Project("{FAE04EC0-301F-11D3-BF4B-00C04F79EFBC}") = "VehiclesExtension", "VehiclesExtension\VehiclesExtension.csproj", "{49D3FA1A-3399-4095-940F-93FC49B8CD45}"
EndProject
Global
	GlobalSection(SolutionConfigurationPlatforms) = preSolution
		Debug|Any CPU = Debug|Any CPU
		Release|Any CPU = Release|Any CPU
	EndGlobalSection
	GlobalSection(ProjectConfigurationPlatforms) = postSolution
		{E8A3AFD8-A91D-4A96-9D7F-C929EE7072AE}.Debug|Any CPU.ActiveCfg = Debug|Any CPU
		{E8A3AFD8-A91D-4A96-9D7F-C929EE7072AE}.Debug|Any CPU.Build.0 = Debug|Any CPU
		{E8A3AFD8-A91D-4A96-9D7F-C929EE7072AE}.Release|Any CPU.ActiveCfg = Release|Any CPU
		{E8A3AFD8-A91D-4A96-9D7F-C929EE7072AE}.Release|Any CPU.Build.0 = Release|Any CPU
		{BAD867F8-9661-4891-B1E6-643C5CDB8CA4}.Debug|Any CPU.ActiveCfg = Debug|Any CPU
		{BAD867F8-9661-4891-B1E6-643C5CDB8CA4}.Debug|Any CPU.Build.0 = Debug|Any CPU
		{BAD867F8-9661-4891-B1E6-643C5CDB8CA4}.Release|Any CPU.ActiveCfg = Release|Any CPU
		{BAD867F8-9661-4891-B1E6-643C5CDB8CA4}.Release|Any CPU.Build.0 = Release|Any CPU
		{2E6CBC15-FB34-4568-A1B1-6D6095D6D7BB}.Debug|Any CPU.ActiveCfg = Debug|Any CPU
		{2E6CBC15-FB34-4568-A1B1-6D6095D6D7BB}.Debug|Any CPU.Build.0 = Debug|Any CPU
		{2E6CBC15-FB34-4568-A1B1-6D6095D6D7BB}.Release|Any CPU.ActiveCfg = Release|Any CPU
		{2E6CBC15-FB34-4568-A1B1-6D6095D6D7BB}.Release|Any CPU.Build.0 = Release|Any CPU
		{49D3FA1A-3399-4095-940F-93FC49B8CD45}.Debug|Any CPU.ActiveCfg = Debug|Any CPU
		{49D3FA1A-3399-4095-940F-93FC49B8CD45}.Debug|Any CPU.Build.0 = Debug|Any CPU
		{49D3FA1A-3399-4095-940F-93FC49B8CD45}.Release|Any CPU.ActiveCfg = Release|Any CPU
		{49D3FA1A-3399-4095-940F-93FC49B8CD45}.Release|Any CPU.Build.0 = Release|Any CPU
	EndGlobalSection
	GlobalSection(SolutionProperties) = preSolution
		HideSolutionNode = FALSE
	EndGlobalSection
	GlobalSection(ExtensibilityGlobals) = postSolution
		SolutionGuid = {D8FE16F1-2832-43BE-8EBE-E27B3C337CD2}
	EndGlobalSection
EndGlobal
