
Microsoft Visual Studio Solution File, Format Version 12.00
# Visual Studio Version 16
VisualStudioVersion = 16.0.29424.173
MinimumVisualStudioVersion = 10.0.40219.1
Project("{9A19103F-16F7-4668-BE54-9A1E7A4F7556}") = "P01_HospitalDatabase", "Hospital\P01_HospitalDatabase.csproj", "{5917F3F6-C5D2-46BA-87AA-9ADBEAEE69F8}"
EndProject
Project("{9A19103F-16F7-4668-BE54-9A1E7A4F7556}") = "P03_SalesDatabase", "P03_SalesDatabase\P03_SalesDatabase.csproj", "{204D26CC-84DE-463E-8ADE-6CDBE455A634}"
EndProject
Project("{FAE04EC0-301F-11D3-BF4B-00C04F79EFBC}") = "ConsoleApp1", "ConsoleApp1\ConsoleApp1.csproj", "{30EEE64B-ABDB-4B17-A3BE-EA7980CD72B4}"
EndProject
Global
	GlobalSection(SolutionConfigurationPlatforms) = preSolution
		Debug|Any CPU = Debug|Any CPU
		Release|Any CPU = Release|Any CPU
	EndGlobalSection
	GlobalSection(ProjectConfigurationPlatforms) = postSolution
		{5917F3F6-C5D2-46BA-87AA-9ADBEAEE69F8}.Debug|Any CPU.ActiveCfg = Debug|Any CPU
		{5917F3F6-C5D2-46BA-87AA-9ADBEAEE69F8}.Debug|Any CPU.Build.0 = Debug|Any CPU
		{5917F3F6-C5D2-46BA-87AA-9ADBEAEE69F8}.Release|Any CPU.ActiveCfg = Release|Any CPU
		{5917F3F6-C5D2-46BA-87AA-9ADBEAEE69F8}.Release|Any CPU.Build.0 = Release|Any CPU
		{204D26CC-84DE-463E-8ADE-6CDBE455A634}.Debug|Any CPU.ActiveCfg = Debug|Any CPU
		{204D26CC-84DE-463E-8ADE-6CDBE455A634}.Debug|Any CPU.Build.0 = Debug|Any CPU
		{204D26CC-84DE-463E-8ADE-6CDBE455A634}.Release|Any CPU.ActiveCfg = Release|Any CPU
		{204D26CC-84DE-463E-8ADE-6CDBE455A634}.Release|Any CPU.Build.0 = Release|Any CPU
		{30EEE64B-ABDB-4B17-A3BE-EA7980CD72B4}.Debug|Any CPU.ActiveCfg = Debug|Any CPU
		{30EEE64B-ABDB-4B17-A3BE-EA7980CD72B4}.Debug|Any CPU.Build.0 = Debug|Any CPU
		{30EEE64B-ABDB-4B17-A3BE-EA7980CD72B4}.Release|Any CPU.ActiveCfg = Release|Any CPU
		{30EEE64B-ABDB-4B17-A3BE-EA7980CD72B4}.Release|Any CPU.Build.0 = Release|Any CPU
	EndGlobalSection
	GlobalSection(SolutionProperties) = preSolution
		HideSolutionNode = FALSE
	EndGlobalSection
	GlobalSection(ExtensibilityGlobals) = postSolution
		SolutionGuid = {BF47042D-4690-4E3E-9018-336D40FB8A5B}
	EndGlobalSection
EndGlobal
