
Microsoft Visual Studio Solution File, Format Version 12.00
# Visual Studio Version 16
VisualStudioVersion = 16.0.29020.237
MinimumVisualStudioVersion = 10.0.40219.1
Project("{9A19103F-16F7-4668-BE54-9A1E7A4F7556}") = "AnimalFarm", "AnimalFarm\AnimalFarm.csproj", "{9F3A2AD9-BD29-4728-B2DE-DF94C86E5B2B}"
EndProject
Project("{FAE04EC0-301F-11D3-BF4B-00C04F79EFBC}") = "ClassBoxData", "ClassBoxData\ClassBoxData.csproj", "{F0BFCEE9-F731-41E0-8889-32C792691CB4}"
EndProject
Project("{FAE04EC0-301F-11D3-BF4B-00C04F79EFBC}") = "ShoppingSpree", "ShoppingSpree\ShoppingSpree.csproj", "{9D3DEDC6-065E-4D18-9FA6-9C53BEF3AD4D}"
EndProject
Project("{FAE04EC0-301F-11D3-BF4B-00C04F79EFBC}") = "PizzaCalories", "PizzaCalories\PizzaCalories.csproj", "{FE946B4A-CB2B-4E33-804B-9B1A17006A29}"
EndProject
Global
	GlobalSection(SolutionConfigurationPlatforms) = preSolution
		Debug|Any CPU = Debug|Any CPU
		Release|Any CPU = Release|Any CPU
	EndGlobalSection
	GlobalSection(ProjectConfigurationPlatforms) = postSolution
		{9F3A2AD9-BD29-4728-B2DE-DF94C86E5B2B}.Debug|Any CPU.ActiveCfg = Debug|Any CPU
		{9F3A2AD9-BD29-4728-B2DE-DF94C86E5B2B}.Debug|Any CPU.Build.0 = Debug|Any CPU
		{9F3A2AD9-BD29-4728-B2DE-DF94C86E5B2B}.Release|Any CPU.ActiveCfg = Release|Any CPU
		{9F3A2AD9-BD29-4728-B2DE-DF94C86E5B2B}.Release|Any CPU.Build.0 = Release|Any CPU
		{F0BFCEE9-F731-41E0-8889-32C792691CB4}.Debug|Any CPU.ActiveCfg = Debug|Any CPU
		{F0BFCEE9-F731-41E0-8889-32C792691CB4}.Debug|Any CPU.Build.0 = Debug|Any CPU
		{F0BFCEE9-F731-41E0-8889-32C792691CB4}.Release|Any CPU.ActiveCfg = Release|Any CPU
		{F0BFCEE9-F731-41E0-8889-32C792691CB4}.Release|Any CPU.Build.0 = Release|Any CPU
		{9D3DEDC6-065E-4D18-9FA6-9C53BEF3AD4D}.Debug|Any CPU.ActiveCfg = Debug|Any CPU
		{9D3DEDC6-065E-4D18-9FA6-9C53BEF3AD4D}.Debug|Any CPU.Build.0 = Debug|Any CPU
		{9D3DEDC6-065E-4D18-9FA6-9C53BEF3AD4D}.Release|Any CPU.ActiveCfg = Release|Any CPU
		{9D3DEDC6-065E-4D18-9FA6-9C53BEF3AD4D}.Release|Any CPU.Build.0 = Release|Any CPU
		{FE946B4A-CB2B-4E33-804B-9B1A17006A29}.Debug|Any CPU.ActiveCfg = Debug|Any CPU
		{FE946B4A-CB2B-4E33-804B-9B1A17006A29}.Debug|Any CPU.Build.0 = Debug|Any CPU
		{FE946B4A-CB2B-4E33-804B-9B1A17006A29}.Release|Any CPU.ActiveCfg = Release|Any CPU
		{FE946B4A-CB2B-4E33-804B-9B1A17006A29}.Release|Any CPU.Build.0 = Release|Any CPU
	EndGlobalSection
	GlobalSection(SolutionProperties) = preSolution
		HideSolutionNode = FALSE
	EndGlobalSection
	GlobalSection(ExtensibilityGlobals) = postSolution
		SolutionGuid = {16C6B5F8-9855-4B2E-9C91-D9E4C8A8FC04}
	EndGlobalSection
EndGlobal
