
Microsoft Visual Studio Solution File, Format Version 12.00
# Visual Studio 15
VisualStudioVersion = 15.0.28010.2041
MinimumVisualStudioVersion = 10.0.40219.1
Project("{9A19103F-16F7-4668-BE54-9A1E7A4F7556}") = "Test", "LISTS-08-AnonymousThreat\Test.csproj", "{FCE2517A-C711-4690-92DD-6E2FA5FBE16B}"
EndProject
Project("{9A19103F-16F7-4668-BE54-9A1E7A4F7556}") = "01-PartyProfit", "01-PartyProfit\01-PartyProfit.csproj", "{3B7BF988-2A9F-45EB-B808-2644A9ADEC68}"
EndProject
Project("{9A19103F-16F7-4668-BE54-9A1E7A4F7556}") = "02-DungeonestDark", "02-DungeonestDark\02-DungeonestDark.csproj", "{F47163CD-65E5-4AE5-8D3E-8870536C7D0F}"
EndProject
Project("{9A19103F-16F7-4668-BE54-9A1E7A4F7556}") = "03-QuestJournal", "03-QuestJournal\03-QuestJournal.csproj", "{AC855273-A71F-4882-A692-230CA295DA75}"
EndProject
Project("{9A19103F-16F7-4668-BE54-9A1E7A4F7556}") = "01-XmasSpirit", "01-Concert\01-XmasSpirit.csproj", "{8471DAC1-E1AE-4BBC-A394-E9B5E571D0BE}"
EndProject
Project("{9A19103F-16F7-4668-BE54-9A1E7A4F7556}") = "02-SantasList", "02-KidsChristmas\02-SantasList.csproj", "{4D13E203-C3E4-4E0E-A9F3-DF4400B27DD5}"
EndProject
Project("{FAE04EC0-301F-11D3-BF4B-00C04F79EFBC}") = "03-PresentDelivery", "03-PresentDelivery\03-PresentDelivery.csproj", "{70DA55D5-225C-4BDB-89B1-4A108A6D43C8}"
EndProject
Project("{FAE04EC0-301F-11D3-BF4B-00C04F79EFBC}") = "Exam-01", "01-ExamFirst\Exam-01.csproj", "{1E5FBCC0-8776-4E6E-B372-1CE576B1F336}"
EndProject
Project("{FAE04EC0-301F-11D3-BF4B-00C04F79EFBC}") = "Exam-02", "02-ExamSecond\Exam-02.csproj", "{28541AE6-0A71-442C-A6E3-EE0ADE3D2D08}"
EndProject
Project("{FAE04EC0-301F-11D3-BF4B-00C04F79EFBC}") = "Exam-03", "Exam-03\Exam-03.csproj", "{3E6D41D2-175E-476F-9567-0273D747D330}"
EndProject
Global
	GlobalSection(SolutionConfigurationPlatforms) = preSolution
		Debug|Any CPU = Debug|Any CPU
		Release|Any CPU = Release|Any CPU
	EndGlobalSection
	GlobalSection(ProjectConfigurationPlatforms) = postSolution
		{FCE2517A-C711-4690-92DD-6E2FA5FBE16B}.Debug|Any CPU.ActiveCfg = Debug|Any CPU
		{FCE2517A-C711-4690-92DD-6E2FA5FBE16B}.Debug|Any CPU.Build.0 = Debug|Any CPU
		{FCE2517A-C711-4690-92DD-6E2FA5FBE16B}.Release|Any CPU.ActiveCfg = Release|Any CPU
		{FCE2517A-C711-4690-92DD-6E2FA5FBE16B}.Release|Any CPU.Build.0 = Release|Any CPU
		{3B7BF988-2A9F-45EB-B808-2644A9ADEC68}.Debug|Any CPU.ActiveCfg = Debug|Any CPU
		{3B7BF988-2A9F-45EB-B808-2644A9ADEC68}.Debug|Any CPU.Build.0 = Debug|Any CPU
		{3B7BF988-2A9F-45EB-B808-2644A9ADEC68}.Release|Any CPU.ActiveCfg = Release|Any CPU
		{3B7BF988-2A9F-45EB-B808-2644A9ADEC68}.Release|Any CPU.Build.0 = Release|Any CPU
		{F47163CD-65E5-4AE5-8D3E-8870536C7D0F}.Debug|Any CPU.ActiveCfg = Debug|Any CPU
		{F47163CD-65E5-4AE5-8D3E-8870536C7D0F}.Debug|Any CPU.Build.0 = Debug|Any CPU
		{F47163CD-65E5-4AE5-8D3E-8870536C7D0F}.Release|Any CPU.ActiveCfg = Release|Any CPU
		{F47163CD-65E5-4AE5-8D3E-8870536C7D0F}.Release|Any CPU.Build.0 = Release|Any CPU
		{AC855273-A71F-4882-A692-230CA295DA75}.Debug|Any CPU.ActiveCfg = Debug|Any CPU
		{AC855273-A71F-4882-A692-230CA295DA75}.Debug|Any CPU.Build.0 = Debug|Any CPU
		{AC855273-A71F-4882-A692-230CA295DA75}.Release|Any CPU.ActiveCfg = Release|Any CPU
		{AC855273-A71F-4882-A692-230CA295DA75}.Release|Any CPU.Build.0 = Release|Any CPU
		{8471DAC1-E1AE-4BBC-A394-E9B5E571D0BE}.Debug|Any CPU.ActiveCfg = Debug|Any CPU
		{8471DAC1-E1AE-4BBC-A394-E9B5E571D0BE}.Debug|Any CPU.Build.0 = Debug|Any CPU
		{8471DAC1-E1AE-4BBC-A394-E9B5E571D0BE}.Release|Any CPU.ActiveCfg = Release|Any CPU
		{8471DAC1-E1AE-4BBC-A394-E9B5E571D0BE}.Release|Any CPU.Build.0 = Release|Any CPU
		{4D13E203-C3E4-4E0E-A9F3-DF4400B27DD5}.Debug|Any CPU.ActiveCfg = Debug|Any CPU
		{4D13E203-C3E4-4E0E-A9F3-DF4400B27DD5}.Debug|Any CPU.Build.0 = Debug|Any CPU
		{4D13E203-C3E4-4E0E-A9F3-DF4400B27DD5}.Release|Any CPU.ActiveCfg = Release|Any CPU
		{4D13E203-C3E4-4E0E-A9F3-DF4400B27DD5}.Release|Any CPU.Build.0 = Release|Any CPU
		{70DA55D5-225C-4BDB-89B1-4A108A6D43C8}.Debug|Any CPU.ActiveCfg = Debug|Any CPU
		{70DA55D5-225C-4BDB-89B1-4A108A6D43C8}.Debug|Any CPU.Build.0 = Debug|Any CPU
		{70DA55D5-225C-4BDB-89B1-4A108A6D43C8}.Release|Any CPU.ActiveCfg = Release|Any CPU
		{70DA55D5-225C-4BDB-89B1-4A108A6D43C8}.Release|Any CPU.Build.0 = Release|Any CPU
		{1E5FBCC0-8776-4E6E-B372-1CE576B1F336}.Debug|Any CPU.ActiveCfg = Debug|Any CPU
		{1E5FBCC0-8776-4E6E-B372-1CE576B1F336}.Debug|Any CPU.Build.0 = Debug|Any CPU
		{1E5FBCC0-8776-4E6E-B372-1CE576B1F336}.Release|Any CPU.ActiveCfg = Release|Any CPU
		{1E5FBCC0-8776-4E6E-B372-1CE576B1F336}.Release|Any CPU.Build.0 = Release|Any CPU
		{28541AE6-0A71-442C-A6E3-EE0ADE3D2D08}.Debug|Any CPU.ActiveCfg = Debug|Any CPU
		{28541AE6-0A71-442C-A6E3-EE0ADE3D2D08}.Debug|Any CPU.Build.0 = Debug|Any CPU
		{28541AE6-0A71-442C-A6E3-EE0ADE3D2D08}.Release|Any CPU.ActiveCfg = Release|Any CPU
		{28541AE6-0A71-442C-A6E3-EE0ADE3D2D08}.Release|Any CPU.Build.0 = Release|Any CPU
		{3E6D41D2-175E-476F-9567-0273D747D330}.Debug|Any CPU.ActiveCfg = Debug|Any CPU
		{3E6D41D2-175E-476F-9567-0273D747D330}.Debug|Any CPU.Build.0 = Debug|Any CPU
		{3E6D41D2-175E-476F-9567-0273D747D330}.Release|Any CPU.ActiveCfg = Release|Any CPU
		{3E6D41D2-175E-476F-9567-0273D747D330}.Release|Any CPU.Build.0 = Release|Any CPU
	EndGlobalSection
	GlobalSection(SolutionProperties) = preSolution
		HideSolutionNode = FALSE
	EndGlobalSection
	GlobalSection(ExtensibilityGlobals) = postSolution
		SolutionGuid = {CEEC9C40-F2C3-4791-A24F-22325E8BE6F3}
	EndGlobalSection
EndGlobal
