
Microsoft Visual Studio Solution File, Format Version 12.00
# Visual Studio Version 16
VisualStudioVersion = 16.0.28922.388
MinimumVisualStudioVersion = 10.0.40219.1
Project("{9A19103F-16F7-4668-BE54-9A1E7A4F7556}") = "ActionPrint", "FunctuonalProgramming\ActionPrint.csproj", "{9B0700C3-E96E-4F18-B391-AAF1CE55FABA}"
EndProject
Project("{FAE04EC0-301F-11D3-BF4B-00C04F79EFBC}") = "CustomMinFunc", "CustomMinFunc\CustomMinFunc.csproj", "{F7F65FA7-F243-4DA5-B26D-731528DC8149}"
EndProject
Project("{FAE04EC0-301F-11D3-BF4B-00C04F79EFBC}") = "FindEvenOrOdds", "FindEvenOrOdds\FindEvenOrOdds.csproj", "{FAF1ABD7-F7F7-4DC7-B736-107F25A490AD}"
EndProject
Project("{FAE04EC0-301F-11D3-BF4B-00C04F79EFBC}") = "AppliedArithmetics", "AppliedArithmetics\AppliedArithmetics.csproj", "{A6430D4B-EEC8-478D-B6E6-F279E6F51B17}"
EndProject
Project("{FAE04EC0-301F-11D3-BF4B-00C04F79EFBC}") = "PartyFilter", "PartyFilter\PartyFilter.csproj", "{F39BC1A6-C633-49BF-A9CB-4D1E72266895}"
EndProject
Project("{FAE04EC0-301F-11D3-BF4B-00C04F79EFBC}") = "TriFunction", "TriFunction\TriFunction.csproj", "{ADE17FF3-A34E-4B40-98BA-97A2AF230716}"
EndProject
Project("{FAE04EC0-301F-11D3-BF4B-00C04F79EFBC}") = "ListOfPredicates", "ListOfPredicates\ListOfPredicates.csproj", "{B431D913-84BC-49FF-8EAE-DE64BF1361E3}"
EndProject
Project("{FAE04EC0-301F-11D3-BF4B-00C04F79EFBC}") = "CustomComparator", "CustomComparator\CustomComparator.csproj", "{5E8DFA46-F0EE-4B34-9DC6-E0532E77C581}"
EndProject
Project("{FAE04EC0-301F-11D3-BF4B-00C04F79EFBC}") = "ReverseAndExclude", "ReverseAndConclude\ReverseAndExclude.csproj", "{947E53D8-D4AC-4520-977F-0DE3BB919BE1}"
EndProject
Project("{FAE04EC0-301F-11D3-BF4B-00C04F79EFBC}") = "PredicateNames", "PredicateNames\PredicateNames.csproj", "{3A55BE87-7736-48CD-BF75-1118FBCCB80C}"
EndProject
Global
	GlobalSection(SolutionConfigurationPlatforms) = preSolution
		Debug|Any CPU = Debug|Any CPU
		Release|Any CPU = Release|Any CPU
	EndGlobalSection
	GlobalSection(ProjectConfigurationPlatforms) = postSolution
		{9B0700C3-E96E-4F18-B391-AAF1CE55FABA}.Debug|Any CPU.ActiveCfg = Debug|Any CPU
		{9B0700C3-E96E-4F18-B391-AAF1CE55FABA}.Debug|Any CPU.Build.0 = Debug|Any CPU
		{9B0700C3-E96E-4F18-B391-AAF1CE55FABA}.Release|Any CPU.ActiveCfg = Release|Any CPU
		{9B0700C3-E96E-4F18-B391-AAF1CE55FABA}.Release|Any CPU.Build.0 = Release|Any CPU
		{F7F65FA7-F243-4DA5-B26D-731528DC8149}.Debug|Any CPU.ActiveCfg = Debug|Any CPU
		{F7F65FA7-F243-4DA5-B26D-731528DC8149}.Debug|Any CPU.Build.0 = Debug|Any CPU
		{F7F65FA7-F243-4DA5-B26D-731528DC8149}.Release|Any CPU.ActiveCfg = Release|Any CPU
		{F7F65FA7-F243-4DA5-B26D-731528DC8149}.Release|Any CPU.Build.0 = Release|Any CPU
		{FAF1ABD7-F7F7-4DC7-B736-107F25A490AD}.Debug|Any CPU.ActiveCfg = Debug|Any CPU
		{FAF1ABD7-F7F7-4DC7-B736-107F25A490AD}.Debug|Any CPU.Build.0 = Debug|Any CPU
		{FAF1ABD7-F7F7-4DC7-B736-107F25A490AD}.Release|Any CPU.ActiveCfg = Release|Any CPU
		{FAF1ABD7-F7F7-4DC7-B736-107F25A490AD}.Release|Any CPU.Build.0 = Release|Any CPU
		{A6430D4B-EEC8-478D-B6E6-F279E6F51B17}.Debug|Any CPU.ActiveCfg = Debug|Any CPU
		{A6430D4B-EEC8-478D-B6E6-F279E6F51B17}.Debug|Any CPU.Build.0 = Debug|Any CPU
		{A6430D4B-EEC8-478D-B6E6-F279E6F51B17}.Release|Any CPU.ActiveCfg = Release|Any CPU
		{A6430D4B-EEC8-478D-B6E6-F279E6F51B17}.Release|Any CPU.Build.0 = Release|Any CPU
		{F39BC1A6-C633-49BF-A9CB-4D1E72266895}.Debug|Any CPU.ActiveCfg = Debug|Any CPU
		{F39BC1A6-C633-49BF-A9CB-4D1E72266895}.Debug|Any CPU.Build.0 = Debug|Any CPU
		{F39BC1A6-C633-49BF-A9CB-4D1E72266895}.Release|Any CPU.ActiveCfg = Release|Any CPU
		{F39BC1A6-C633-49BF-A9CB-4D1E72266895}.Release|Any CPU.Build.0 = Release|Any CPU
		{ADE17FF3-A34E-4B40-98BA-97A2AF230716}.Debug|Any CPU.ActiveCfg = Debug|Any CPU
		{ADE17FF3-A34E-4B40-98BA-97A2AF230716}.Debug|Any CPU.Build.0 = Debug|Any CPU
		{ADE17FF3-A34E-4B40-98BA-97A2AF230716}.Release|Any CPU.ActiveCfg = Release|Any CPU
		{ADE17FF3-A34E-4B40-98BA-97A2AF230716}.Release|Any CPU.Build.0 = Release|Any CPU
		{B431D913-84BC-49FF-8EAE-DE64BF1361E3}.Debug|Any CPU.ActiveCfg = Debug|Any CPU
		{B431D913-84BC-49FF-8EAE-DE64BF1361E3}.Debug|Any CPU.Build.0 = Debug|Any CPU
		{B431D913-84BC-49FF-8EAE-DE64BF1361E3}.Release|Any CPU.ActiveCfg = Release|Any CPU
		{B431D913-84BC-49FF-8EAE-DE64BF1361E3}.Release|Any CPU.Build.0 = Release|Any CPU
		{5E8DFA46-F0EE-4B34-9DC6-E0532E77C581}.Debug|Any CPU.ActiveCfg = Debug|Any CPU
		{5E8DFA46-F0EE-4B34-9DC6-E0532E77C581}.Debug|Any CPU.Build.0 = Debug|Any CPU
		{5E8DFA46-F0EE-4B34-9DC6-E0532E77C581}.Release|Any CPU.ActiveCfg = Release|Any CPU
		{5E8DFA46-F0EE-4B34-9DC6-E0532E77C581}.Release|Any CPU.Build.0 = Release|Any CPU
		{947E53D8-D4AC-4520-977F-0DE3BB919BE1}.Debug|Any CPU.ActiveCfg = Debug|Any CPU
		{947E53D8-D4AC-4520-977F-0DE3BB919BE1}.Debug|Any CPU.Build.0 = Debug|Any CPU
		{947E53D8-D4AC-4520-977F-0DE3BB919BE1}.Release|Any CPU.ActiveCfg = Release|Any CPU
		{947E53D8-D4AC-4520-977F-0DE3BB919BE1}.Release|Any CPU.Build.0 = Release|Any CPU
		{3A55BE87-7736-48CD-BF75-1118FBCCB80C}.Debug|Any CPU.ActiveCfg = Debug|Any CPU
		{3A55BE87-7736-48CD-BF75-1118FBCCB80C}.Debug|Any CPU.Build.0 = Debug|Any CPU
		{3A55BE87-7736-48CD-BF75-1118FBCCB80C}.Release|Any CPU.ActiveCfg = Release|Any CPU
		{3A55BE87-7736-48CD-BF75-1118FBCCB80C}.Release|Any CPU.Build.0 = Release|Any CPU
	EndGlobalSection
	GlobalSection(SolutionProperties) = preSolution
		HideSolutionNode = FALSE
	EndGlobalSection
	GlobalSection(ExtensibilityGlobals) = postSolution
		SolutionGuid = {DC8CC5B6-E8B1-4F3C-BF43-3411E176D56A}
	EndGlobalSection
EndGlobal
