
Microsoft Visual Studio Solution File, Format Version 12.00
# Visual Studio Version 16
VisualStudioVersion = 16.0.28803.452
MinimumVisualStudioVersion = 10.0.40219.1
Project("{9A19103F-16F7-4668-BE54-9A1E7A4F7556}") = "SetsOfElements", "ConsoleApp1\SetsOfElements.csproj", "{D618CCDD-193B-4C37-9F38-74071F70F005}"
EndProject
Project("{FAE04EC0-301F-11D3-BF4B-00C04F79EFBC}") = "EvenTimes", "ConsoleApp2\EvenTimes.csproj", "{AAE1A92D-53E3-4763-9670-800631E14E25}"
EndProject
Project("{FAE04EC0-301F-11D3-BF4B-00C04F79EFBC}") = "CountSYmbols", "CountSYmbols\CountSYmbols.csproj", "{8BEE45E5-398E-43D9-8BA2-46CAAC38F827}"
EndProject
Project("{FAE04EC0-301F-11D3-BF4B-00C04F79EFBC}") = "Wardrobe", "Wardrobe\Wardrobe.csproj", "{10B143C3-B52B-4B6C-B700-E27F000079D2}"
EndProject
Project("{FAE04EC0-301F-11D3-BF4B-00C04F79EFBC}") = "UniqueUsernames", "UniqueUsernames\UniqueUsernames.csproj", "{59B2D61F-269F-4D2B-8787-3598981B63E7}"
EndProject
Project("{FAE04EC0-301F-11D3-BF4B-00C04F79EFBC}") = "PeriodicTable", "PeriodicTable\PeriodicTable.csproj", "{E68DC936-8CB5-4C4C-B2A5-A430A7B1FA82}"
EndProject
Global
	GlobalSection(SolutionConfigurationPlatforms) = preSolution
		Debug|Any CPU = Debug|Any CPU
		Release|Any CPU = Release|Any CPU
	EndGlobalSection
	GlobalSection(ProjectConfigurationPlatforms) = postSolution
		{D618CCDD-193B-4C37-9F38-74071F70F005}.Debug|Any CPU.ActiveCfg = Debug|Any CPU
		{D618CCDD-193B-4C37-9F38-74071F70F005}.Debug|Any CPU.Build.0 = Debug|Any CPU
		{D618CCDD-193B-4C37-9F38-74071F70F005}.Release|Any CPU.ActiveCfg = Release|Any CPU
		{D618CCDD-193B-4C37-9F38-74071F70F005}.Release|Any CPU.Build.0 = Release|Any CPU
		{AAE1A92D-53E3-4763-9670-800631E14E25}.Debug|Any CPU.ActiveCfg = Debug|Any CPU
		{AAE1A92D-53E3-4763-9670-800631E14E25}.Debug|Any CPU.Build.0 = Debug|Any CPU
		{AAE1A92D-53E3-4763-9670-800631E14E25}.Release|Any CPU.ActiveCfg = Release|Any CPU
		{AAE1A92D-53E3-4763-9670-800631E14E25}.Release|Any CPU.Build.0 = Release|Any CPU
		{8BEE45E5-398E-43D9-8BA2-46CAAC38F827}.Debug|Any CPU.ActiveCfg = Debug|Any CPU
		{8BEE45E5-398E-43D9-8BA2-46CAAC38F827}.Debug|Any CPU.Build.0 = Debug|Any CPU
		{8BEE45E5-398E-43D9-8BA2-46CAAC38F827}.Release|Any CPU.ActiveCfg = Release|Any CPU
		{8BEE45E5-398E-43D9-8BA2-46CAAC38F827}.Release|Any CPU.Build.0 = Release|Any CPU
		{10B143C3-B52B-4B6C-B700-E27F000079D2}.Debug|Any CPU.ActiveCfg = Debug|Any CPU
		{10B143C3-B52B-4B6C-B700-E27F000079D2}.Debug|Any CPU.Build.0 = Debug|Any CPU
		{10B143C3-B52B-4B6C-B700-E27F000079D2}.Release|Any CPU.ActiveCfg = Release|Any CPU
		{10B143C3-B52B-4B6C-B700-E27F000079D2}.Release|Any CPU.Build.0 = Release|Any CPU
		{59B2D61F-269F-4D2B-8787-3598981B63E7}.Debug|Any CPU.ActiveCfg = Debug|Any CPU
		{59B2D61F-269F-4D2B-8787-3598981B63E7}.Debug|Any CPU.Build.0 = Debug|Any CPU
		{59B2D61F-269F-4D2B-8787-3598981B63E7}.Release|Any CPU.ActiveCfg = Release|Any CPU
		{59B2D61F-269F-4D2B-8787-3598981B63E7}.Release|Any CPU.Build.0 = Release|Any CPU
		{E68DC936-8CB5-4C4C-B2A5-A430A7B1FA82}.Debug|Any CPU.ActiveCfg = Debug|Any CPU
		{E68DC936-8CB5-4C4C-B2A5-A430A7B1FA82}.Debug|Any CPU.Build.0 = Debug|Any CPU
		{E68DC936-8CB5-4C4C-B2A5-A430A7B1FA82}.Release|Any CPU.ActiveCfg = Release|Any CPU
		{E68DC936-8CB5-4C4C-B2A5-A430A7B1FA82}.Release|Any CPU.Build.0 = Release|Any CPU
	EndGlobalSection
	GlobalSection(SolutionProperties) = preSolution
		HideSolutionNode = FALSE
	EndGlobalSection
	GlobalSection(ExtensibilityGlobals) = postSolution
		SolutionGuid = {0034B150-EF41-40B3-B4AA-2A89FE6668D2}
	EndGlobalSection
EndGlobal
