
Microsoft Visual Studio Solution File, Format Version 12.00
# Visual Studio 15
VisualStudioVersion = 15.0.28010.2041
MinimumVisualStudioVersion = 10.0.40219.1
Project("{FAE04EC0-301F-11D3-BF4B-00C04F79EFBC}") = "WebRatingApp", "WebRatingApp\WebRatingApp.csproj", "{412ED639-307F-49C5-B608-702209C77C91}"
EndProject
Global
	GlobalSection(SolutionConfigurationPlatforms) = preSolution
		Debug|Any CPU = Debug|Any CPU
		Release|Any CPU = Release|Any CPU
	EndGlobalSection
	GlobalSection(ProjectConfigurationPlatforms) = postSolution
		{412ED639-307F-49C5-B608-702209C77C91}.Debug|Any CPU.ActiveCfg = Debug|Any CPU
		{412ED639-307F-49C5-B608-702209C77C91}.Debug|Any CPU.Build.0 = Debug|Any CPU
		{412ED639-307F-49C5-B608-702209C77C91}.Release|Any CPU.ActiveCfg = Release|Any CPU
		{412ED639-307F-49C5-B608-702209C77C91}.Release|Any CPU.Build.0 = Release|Any CPU
	EndGlobalSection
	GlobalSection(SolutionProperties) = preSolution
		HideSolutionNode = FALSE
	EndGlobalSection
	GlobalSection(ExtensibilityGlobals) = postSolution
		SolutionGuid = {2631B27E-9CB6-404B-BC1D-2554C9FCE6DD}
	EndGlobalSection
EndGlobal
