
Microsoft Visual Studio Solution File, Format Version 12.00
# Visual Studio 15
VisualStudioVersion = 15.0.28010.2041
MinimumVisualStudioVersion = 10.0.40219.1
Project("{9A19103F-16F7-4668-BE54-9A1E7A4F7556}") = "Test", "TextProcessing\Test.csproj", "{4ED0062E-6696-47D5-9511-0202D686A456}"
EndProject
Project("{9A19103F-16F7-4668-BE54-9A1E7A4F7556}") = "01-ValidUserName", "ConsoleApp1\01-ValidUserName.csproj", "{57C56C08-A2E3-4A7C-9DD4-2333968EF479}"
EndProject
Project("{9A19103F-16F7-4668-BE54-9A1E7A4F7556}") = "02-CharacterMultiplier", "02-CharacterMultiplier\02-CharacterMultiplier.csproj", "{50B1121B-02A6-4D24-9AAE-C1B44B0E56C9}"
EndProject
Project("{9A19103F-16F7-4668-BE54-9A1E7A4F7556}") = "03-ExtractFile", "03-ExtractFile\03-ExtractFile.csproj", "{3B629A0F-F860-47D4-8681-86741A633EB9}"
EndProject
Project("{9A19103F-16F7-4668-BE54-9A1E7A4F7556}") = "04-MultiplyBigNumber", "04-MultiplyBigNumber\04-MultiplyBigNumber.csproj", "{19E01113-B968-4E88-8C0D-BF0346B89856}"
EndProject
Project("{9A19103F-16F7-4668-BE54-9A1E7A4F7556}") = "12-SoftUniBar", "12-SoftUniBar\12-SoftUniBar.csproj", "{C63E9563-B27E-4376-857D-D0EF379892CB}"
EndProject
Project("{FAE04EC0-301F-11D3-BF4B-00C04F79EFBC}") = "05-ReplaceChar", "05-ReplaceChar\05-ReplaceChar.csproj", "{BD0D89A7-D43A-4358-B544-48C725B95ECC}"
EndProject
Project("{FAE04EC0-301F-11D3-BF4B-00C04F79EFBC}") = "07-CharExplosion", "07-CharExplosion\07-CharExplosion.csproj", "{63C126E1-1060-44BF-BF76-316987D27636}"
EndProject
Project("{FAE04EC0-301F-11D3-BF4B-00C04F79EFBC}") = "08-MatchNumbers", "04-MatchNumbers\08-MatchNumbers.csproj", "{87E34AE9-5D8F-4309-ABD2-CACD51D2A87A}"
EndProject
Project("{FAE04EC0-301F-11D3-BF4B-00C04F79EFBC}") = "09-StarEnigma", "09-StarEnigma\09-StarEnigma.csproj", "{1D7418FA-5F8D-40B9-9227-F7B0253A603F}"
EndProject
Global
	GlobalSection(SolutionConfigurationPlatforms) = preSolution
		Debug|Any CPU = Debug|Any CPU
		Release|Any CPU = Release|Any CPU
	EndGlobalSection
	GlobalSection(ProjectConfigurationPlatforms) = postSolution
		{4ED0062E-6696-47D5-9511-0202D686A456}.Debug|Any CPU.ActiveCfg = Debug|Any CPU
		{4ED0062E-6696-47D5-9511-0202D686A456}.Debug|Any CPU.Build.0 = Debug|Any CPU
		{4ED0062E-6696-47D5-9511-0202D686A456}.Release|Any CPU.ActiveCfg = Release|Any CPU
		{4ED0062E-6696-47D5-9511-0202D686A456}.Release|Any CPU.Build.0 = Release|Any CPU
		{57C56C08-A2E3-4A7C-9DD4-2333968EF479}.Debug|Any CPU.ActiveCfg = Debug|Any CPU
		{57C56C08-A2E3-4A7C-9DD4-2333968EF479}.Debug|Any CPU.Build.0 = Debug|Any CPU
		{57C56C08-A2E3-4A7C-9DD4-2333968EF479}.Release|Any CPU.ActiveCfg = Release|Any CPU
		{57C56C08-A2E3-4A7C-9DD4-2333968EF479}.Release|Any CPU.Build.0 = Release|Any CPU
		{50B1121B-02A6-4D24-9AAE-C1B44B0E56C9}.Debug|Any CPU.ActiveCfg = Debug|Any CPU
		{50B1121B-02A6-4D24-9AAE-C1B44B0E56C9}.Debug|Any CPU.Build.0 = Debug|Any CPU
		{50B1121B-02A6-4D24-9AAE-C1B44B0E56C9}.Release|Any CPU.ActiveCfg = Release|Any CPU
		{50B1121B-02A6-4D24-9AAE-C1B44B0E56C9}.Release|Any CPU.Build.0 = Release|Any CPU
		{3B629A0F-F860-47D4-8681-86741A633EB9}.Debug|Any CPU.ActiveCfg = Debug|Any CPU
		{3B629A0F-F860-47D4-8681-86741A633EB9}.Debug|Any CPU.Build.0 = Debug|Any CPU
		{3B629A0F-F860-47D4-8681-86741A633EB9}.Release|Any CPU.ActiveCfg = Release|Any CPU
		{3B629A0F-F860-47D4-8681-86741A633EB9}.Release|Any CPU.Build.0 = Release|Any CPU
		{19E01113-B968-4E88-8C0D-BF0346B89856}.Debug|Any CPU.ActiveCfg = Debug|Any CPU
		{19E01113-B968-4E88-8C0D-BF0346B89856}.Debug|Any CPU.Build.0 = Debug|Any CPU
		{19E01113-B968-4E88-8C0D-BF0346B89856}.Release|Any CPU.ActiveCfg = Release|Any CPU
		{19E01113-B968-4E88-8C0D-BF0346B89856}.Release|Any CPU.Build.0 = Release|Any CPU
		{C63E9563-B27E-4376-857D-D0EF379892CB}.Debug|Any CPU.ActiveCfg = Debug|Any CPU
		{C63E9563-B27E-4376-857D-D0EF379892CB}.Debug|Any CPU.Build.0 = Debug|Any CPU
		{C63E9563-B27E-4376-857D-D0EF379892CB}.Release|Any CPU.ActiveCfg = Release|Any CPU
		{C63E9563-B27E-4376-857D-D0EF379892CB}.Release|Any CPU.Build.0 = Release|Any CPU
		{BD0D89A7-D43A-4358-B544-48C725B95ECC}.Debug|Any CPU.ActiveCfg = Debug|Any CPU
		{BD0D89A7-D43A-4358-B544-48C725B95ECC}.Debug|Any CPU.Build.0 = Debug|Any CPU
		{BD0D89A7-D43A-4358-B544-48C725B95ECC}.Release|Any CPU.ActiveCfg = Release|Any CPU
		{BD0D89A7-D43A-4358-B544-48C725B95ECC}.Release|Any CPU.Build.0 = Release|Any CPU
		{63C126E1-1060-44BF-BF76-316987D27636}.Debug|Any CPU.ActiveCfg = Debug|Any CPU
		{63C126E1-1060-44BF-BF76-316987D27636}.Debug|Any CPU.Build.0 = Debug|Any CPU
		{63C126E1-1060-44BF-BF76-316987D27636}.Release|Any CPU.ActiveCfg = Release|Any CPU
		{63C126E1-1060-44BF-BF76-316987D27636}.Release|Any CPU.Build.0 = Release|Any CPU
		{87E34AE9-5D8F-4309-ABD2-CACD51D2A87A}.Debug|Any CPU.ActiveCfg = Debug|Any CPU
		{87E34AE9-5D8F-4309-ABD2-CACD51D2A87A}.Debug|Any CPU.Build.0 = Debug|Any CPU
		{87E34AE9-5D8F-4309-ABD2-CACD51D2A87A}.Release|Any CPU.ActiveCfg = Release|Any CPU
		{87E34AE9-5D8F-4309-ABD2-CACD51D2A87A}.Release|Any CPU.Build.0 = Release|Any CPU
		{1D7418FA-5F8D-40B9-9227-F7B0253A603F}.Debug|Any CPU.ActiveCfg = Debug|Any CPU
		{1D7418FA-5F8D-40B9-9227-F7B0253A603F}.Debug|Any CPU.Build.0 = Debug|Any CPU
		{1D7418FA-5F8D-40B9-9227-F7B0253A603F}.Release|Any CPU.ActiveCfg = Release|Any CPU
		{1D7418FA-5F8D-40B9-9227-F7B0253A603F}.Release|Any CPU.Build.0 = Release|Any CPU
	EndGlobalSection
	GlobalSection(SolutionProperties) = preSolution
		HideSolutionNode = FALSE
	EndGlobalSection
	GlobalSection(ExtensibilityGlobals) = postSolution
		SolutionGuid = {030C0E3C-ECC0-4B58-9826-4A242291B7D2}
	EndGlobalSection
EndGlobal
