
Microsoft Visual Studio Solution File, Format Version 12.00
# Visual Studio 15
VisualStudioVersion = 15.0.28010.2036
MinimumVisualStudioVersion = 10.0.40219.1
Project("{FAE04EC0-301F-11D3-BF4B-00C04F79EFBC}") = "NumbersTop100", "NumbersTop100\NumbersTop100.csproj", "{7ED1A414-1FA3-409D-82CF-C56361CED5D5}"
EndProject
Project("{FAE04EC0-301F-11D3-BF4B-00C04F79EFBC}") = "NumberOn7", "NumberOn7\NumberOn7.csproj", "{A00145DF-1AFE-4C28-A2F3-C813CBF99479}"
EndProject
Project("{FAE04EC0-301F-11D3-BF4B-00C04F79EFBC}") = "Alfabet", "Alfabet\Alfabet.csproj", "{B2CB0B6E-E379-4B6E-A9A5-4CABC7DF97B9}"
EndProject
Project("{FAE04EC0-301F-11D3-BF4B-00C04F79EFBC}") = "MaxNumber", "MaxNumber\MaxNumber.csproj", "{0F04448E-83CE-4E5E-BE0D-14743BDCFCC8}"
EndProject
Project("{FAE04EC0-301F-11D3-BF4B-00C04F79EFBC}") = "LeftRightSum", "LeftRightSum\LeftRightSum.csproj", "{681AF35C-3CF5-4FBB-BFAA-C8C54F44C30A}"
EndProject
Project("{FAE04EC0-301F-11D3-BF4B-00C04F79EFBC}") = "OddSumEvenSum", "OddSumEvenSum\OddSumEvenSum.csproj", "{237D058A-F5BA-4021-8B32-B53D35491092}"
EndProject
Project("{FAE04EC0-301F-11D3-BF4B-00C04F79EFBC}") = "VowelsSum", "VowelsSum\VowelsSum.csproj", "{13688195-FEC6-466D-8C1E-A56724018242}"
EndProject
Project("{FAE04EC0-301F-11D3-BF4B-00C04F79EFBC}") = "CleverLily", "CleverLily\CleverLily.csproj", "{8E9BC7CD-39C0-426E-8071-CA8B829C0BA0}"
EndProject
Global
	GlobalSection(SolutionConfigurationPlatforms) = preSolution
		Debug|Any CPU = Debug|Any CPU
		Release|Any CPU = Release|Any CPU
	EndGlobalSection
	GlobalSection(ProjectConfigurationPlatforms) = postSolution
		{7ED1A414-1FA3-409D-82CF-C56361CED5D5}.Debug|Any CPU.ActiveCfg = Debug|Any CPU
		{7ED1A414-1FA3-409D-82CF-C56361CED5D5}.Debug|Any CPU.Build.0 = Debug|Any CPU
		{7ED1A414-1FA3-409D-82CF-C56361CED5D5}.Release|Any CPU.ActiveCfg = Release|Any CPU
		{7ED1A414-1FA3-409D-82CF-C56361CED5D5}.Release|Any CPU.Build.0 = Release|Any CPU
		{A00145DF-1AFE-4C28-A2F3-C813CBF99479}.Debug|Any CPU.ActiveCfg = Debug|Any CPU
		{A00145DF-1AFE-4C28-A2F3-C813CBF99479}.Debug|Any CPU.Build.0 = Debug|Any CPU
		{A00145DF-1AFE-4C28-A2F3-C813CBF99479}.Release|Any CPU.ActiveCfg = Release|Any CPU
		{A00145DF-1AFE-4C28-A2F3-C813CBF99479}.Release|Any CPU.Build.0 = Release|Any CPU
		{B2CB0B6E-E379-4B6E-A9A5-4CABC7DF97B9}.Debug|Any CPU.ActiveCfg = Debug|Any CPU
		{B2CB0B6E-E379-4B6E-A9A5-4CABC7DF97B9}.Debug|Any CPU.Build.0 = Debug|Any CPU
		{B2CB0B6E-E379-4B6E-A9A5-4CABC7DF97B9}.Release|Any CPU.ActiveCfg = Release|Any CPU
		{B2CB0B6E-E379-4B6E-A9A5-4CABC7DF97B9}.Release|Any CPU.Build.0 = Release|Any CPU
		{0F04448E-83CE-4E5E-BE0D-14743BDCFCC8}.Debug|Any CPU.ActiveCfg = Debug|Any CPU
		{0F04448E-83CE-4E5E-BE0D-14743BDCFCC8}.Debug|Any CPU.Build.0 = Debug|Any CPU
		{0F04448E-83CE-4E5E-BE0D-14743BDCFCC8}.Release|Any CPU.ActiveCfg = Release|Any CPU
		{0F04448E-83CE-4E5E-BE0D-14743BDCFCC8}.Release|Any CPU.Build.0 = Release|Any CPU
		{681AF35C-3CF5-4FBB-BFAA-C8C54F44C30A}.Debug|Any CPU.ActiveCfg = Debug|Any CPU
		{681AF35C-3CF5-4FBB-BFAA-C8C54F44C30A}.Debug|Any CPU.Build.0 = Debug|Any CPU
		{681AF35C-3CF5-4FBB-BFAA-C8C54F44C30A}.Release|Any CPU.ActiveCfg = Release|Any CPU
		{681AF35C-3CF5-4FBB-BFAA-C8C54F44C30A}.Release|Any CPU.Build.0 = Release|Any CPU
		{237D058A-F5BA-4021-8B32-B53D35491092}.Debug|Any CPU.ActiveCfg = Debug|Any CPU
		{237D058A-F5BA-4021-8B32-B53D35491092}.Debug|Any CPU.Build.0 = Debug|Any CPU
		{237D058A-F5BA-4021-8B32-B53D35491092}.Release|Any CPU.ActiveCfg = Release|Any CPU
		{237D058A-F5BA-4021-8B32-B53D35491092}.Release|Any CPU.Build.0 = Release|Any CPU
		{13688195-FEC6-466D-8C1E-A56724018242}.Debug|Any CPU.ActiveCfg = Debug|Any CPU
		{13688195-FEC6-466D-8C1E-A56724018242}.Debug|Any CPU.Build.0 = Debug|Any CPU
		{13688195-FEC6-466D-8C1E-A56724018242}.Release|Any CPU.ActiveCfg = Release|Any CPU
		{13688195-FEC6-466D-8C1E-A56724018242}.Release|Any CPU.Build.0 = Release|Any CPU
		{8E9BC7CD-39C0-426E-8071-CA8B829C0BA0}.Debug|Any CPU.ActiveCfg = Debug|Any CPU
		{8E9BC7CD-39C0-426E-8071-CA8B829C0BA0}.Debug|Any CPU.Build.0 = Debug|Any CPU
		{8E9BC7CD-39C0-426E-8071-CA8B829C0BA0}.Release|Any CPU.ActiveCfg = Release|Any CPU
		{8E9BC7CD-39C0-426E-8071-CA8B829C0BA0}.Release|Any CPU.Build.0 = Release|Any CPU
	EndGlobalSection
	GlobalSection(SolutionProperties) = preSolution
		HideSolutionNode = FALSE
	EndGlobalSection
	GlobalSection(ExtensibilityGlobals) = postSolution
		SolutionGuid = {A71F2BE1-37CC-45A3-A715-7A2E27806E71}
	EndGlobalSection
EndGlobal
