
Microsoft Visual Studio Solution File, Format Version 12.00
# Visual Studio 15
VisualStudioVersion = 15.0.28010.2041
MinimumVisualStudioVersion = 10.0.40219.1
Project("{9A19103F-16F7-4668-BE54-9A1E7A4F7556}") = "LAB-03Calculations", "Methods\LAB-03Calculations.csproj", "{7F25FCAC-95CC-4DD8-B647-D0055FB75504}"
EndProject
Project("{9A19103F-16F7-4668-BE54-9A1E7A4F7556}") = "01SmallestOfThreeNumbers", "01SmallestOfThreeNumbers\01SmallestOfThreeNumbers.csproj", "{62AB39A6-DB6A-41BB-8D5E-CE86F21065B5}"
EndProject
Project("{9A19103F-16F7-4668-BE54-9A1E7A4F7556}") = "02VowelsCount", "02VoyelsCount\02VowelsCount.csproj", "{AFA8840F-E56D-47AE-9A3D-CBC2DBD81E48}"
EndProject
Project("{9A19103F-16F7-4668-BE54-9A1E7A4F7556}") = "03CharactersInRange", "03CharactersInRange\03CharactersInRange.csproj", "{85C7BCF5-A2FF-4967-8048-73EF7C31C7F8}"
EndProject
Project("{9A19103F-16F7-4668-BE54-9A1E7A4F7556}") = "04PasswordValidator", "04PasswordValidator\04PasswordValidator.csproj", "{98CE5B03-E9EB-486E-BC28-BDC8517CBA32}"
EndProject
Project("{9A19103F-16F7-4668-BE54-9A1E7A4F7556}") = "05SumOrSubstract", "05SumOrSubstract\05SumOrSubstract.csproj", "{05E3990A-A86A-4631-A124-DED2EA75686E}"
EndProject
Project("{9A19103F-16F7-4668-BE54-9A1E7A4F7556}") = "06MiddleCharacters", "06MiddleCharacters\06MiddleCharacters.csproj", "{82784BCB-4E57-46A3-B163-66C24020ADBB}"
EndProject
Project("{9A19103F-16F7-4668-BE54-9A1E7A4F7556}") = "07NxNMatrix", "07NxNMatrix\07NxNMatrix.csproj", "{5667B908-1E5B-403A-A1D3-0DDF284B3AC5}"
EndProject
Project("{9A19103F-16F7-4668-BE54-9A1E7A4F7556}") = "08FactorialDevision", "08FactorialDevision\08FactorialDevision.csproj", "{627CEA12-8AD5-4AB4-BC0D-1B8133590569}"
EndProject
Project("{9A19103F-16F7-4668-BE54-9A1E7A4F7556}") = "09PalindromeIntegers", "09PalindromeIntegers\09PalindromeIntegers.csproj", "{E5E98936-E491-4480-8764-0F49692EC47E}"
EndProject
Project("{9A19103F-16F7-4668-BE54-9A1E7A4F7556}") = "10TopInteger", "10TopInteger\10TopInteger.csproj", "{551DBA21-3222-4F68-84AE-456A7EEDCA4C}"
EndProject
Project("{9A19103F-16F7-4668-BE54-9A1E7A4F7556}") = "LAB-09-GreaterOfTwoValues", "LAB-10-GetMaxValue\LAB-09-GreaterOfTwoValues.csproj", "{F093F941-3D60-43FB-830D-8D7A1CE2DAB3}"
EndProject
Project("{9A19103F-16F7-4668-BE54-9A1E7A4F7556}") = "LAB-10-MultipleOddAndEven", "LAB-11-MultipleOddAndEven\LAB-10-MultipleOddAndEven.csproj", "{02D02E80-96E5-4A93-9AF4-B02762129867}"
EndProject
Project("{9A19103F-16F7-4668-BE54-9A1E7A4F7556}") = "LAB-11-Calculations", "LAB-11-Calculations\LAB-11-Calculations.csproj", "{BCAA7554-D3C3-460D-872C-9ECB3165453D}"
EndProject
Project("{FAE04EC0-301F-11D3-BF4B-00C04F79EFBC}") = "Something", "Something\Something.csproj", "{BE96D5AA-2D0A-4C2D-AAE9-07732CB9079B}"
EndProject
Global
	GlobalSection(SolutionConfigurationPlatforms) = preSolution
		Debug|Any CPU = Debug|Any CPU
		Release|Any CPU = Release|Any CPU
	EndGlobalSection
	GlobalSection(ProjectConfigurationPlatforms) = postSolution
		{7F25FCAC-95CC-4DD8-B647-D0055FB75504}.Debug|Any CPU.ActiveCfg = Debug|Any CPU
		{7F25FCAC-95CC-4DD8-B647-D0055FB75504}.Debug|Any CPU.Build.0 = Debug|Any CPU
		{7F25FCAC-95CC-4DD8-B647-D0055FB75504}.Release|Any CPU.ActiveCfg = Release|Any CPU
		{7F25FCAC-95CC-4DD8-B647-D0055FB75504}.Release|Any CPU.Build.0 = Release|Any CPU
		{62AB39A6-DB6A-41BB-8D5E-CE86F21065B5}.Debug|Any CPU.ActiveCfg = Debug|Any CPU
		{62AB39A6-DB6A-41BB-8D5E-CE86F21065B5}.Debug|Any CPU.Build.0 = Debug|Any CPU
		{62AB39A6-DB6A-41BB-8D5E-CE86F21065B5}.Release|Any CPU.ActiveCfg = Release|Any CPU
		{62AB39A6-DB6A-41BB-8D5E-CE86F21065B5}.Release|Any CPU.Build.0 = Release|Any CPU
		{AFA8840F-E56D-47AE-9A3D-CBC2DBD81E48}.Debug|Any CPU.ActiveCfg = Debug|Any CPU
		{AFA8840F-E56D-47AE-9A3D-CBC2DBD81E48}.Debug|Any CPU.Build.0 = Debug|Any CPU
		{AFA8840F-E56D-47AE-9A3D-CBC2DBD81E48}.Release|Any CPU.ActiveCfg = Release|Any CPU
		{AFA8840F-E56D-47AE-9A3D-CBC2DBD81E48}.Release|Any CPU.Build.0 = Release|Any CPU
		{85C7BCF5-A2FF-4967-8048-73EF7C31C7F8}.Debug|Any CPU.ActiveCfg = Debug|Any CPU
		{85C7BCF5-A2FF-4967-8048-73EF7C31C7F8}.Debug|Any CPU.Build.0 = Debug|Any CPU
		{85C7BCF5-A2FF-4967-8048-73EF7C31C7F8}.Release|Any CPU.ActiveCfg = Release|Any CPU
		{85C7BCF5-A2FF-4967-8048-73EF7C31C7F8}.Release|Any CPU.Build.0 = Release|Any CPU
		{98CE5B03-E9EB-486E-BC28-BDC8517CBA32}.Debug|Any CPU.ActiveCfg = Debug|Any CPU
		{98CE5B03-E9EB-486E-BC28-BDC8517CBA32}.Debug|Any CPU.Build.0 = Debug|Any CPU
		{98CE5B03-E9EB-486E-BC28-BDC8517CBA32}.Release|Any CPU.ActiveCfg = Release|Any CPU
		{98CE5B03-E9EB-486E-BC28-BDC8517CBA32}.Release|Any CPU.Build.0 = Release|Any CPU
		{05E3990A-A86A-4631-A124-DED2EA75686E}.Debug|Any CPU.ActiveCfg = Debug|Any CPU
		{05E3990A-A86A-4631-A124-DED2EA75686E}.Debug|Any CPU.Build.0 = Debug|Any CPU
		{05E3990A-A86A-4631-A124-DED2EA75686E}.Release|Any CPU.ActiveCfg = Release|Any CPU
		{05E3990A-A86A-4631-A124-DED2EA75686E}.Release|Any CPU.Build.0 = Release|Any CPU
		{82784BCB-4E57-46A3-B163-66C24020ADBB}.Debug|Any CPU.ActiveCfg = Debug|Any CPU
		{82784BCB-4E57-46A3-B163-66C24020ADBB}.Debug|Any CPU.Build.0 = Debug|Any CPU
		{82784BCB-4E57-46A3-B163-66C24020ADBB}.Release|Any CPU.ActiveCfg = Release|Any CPU
		{82784BCB-4E57-46A3-B163-66C24020ADBB}.Release|Any CPU.Build.0 = Release|Any CPU
		{5667B908-1E5B-403A-A1D3-0DDF284B3AC5}.Debug|Any CPU.ActiveCfg = Debug|Any CPU
		{5667B908-1E5B-403A-A1D3-0DDF284B3AC5}.Debug|Any CPU.Build.0 = Debug|Any CPU
		{5667B908-1E5B-403A-A1D3-0DDF284B3AC5}.Release|Any CPU.ActiveCfg = Release|Any CPU
		{5667B908-1E5B-403A-A1D3-0DDF284B3AC5}.Release|Any CPU.Build.0 = Release|Any CPU
		{627CEA12-8AD5-4AB4-BC0D-1B8133590569}.Debug|Any CPU.ActiveCfg = Debug|Any CPU
		{627CEA12-8AD5-4AB4-BC0D-1B8133590569}.Debug|Any CPU.Build.0 = Debug|Any CPU
		{627CEA12-8AD5-4AB4-BC0D-1B8133590569}.Release|Any CPU.ActiveCfg = Release|Any CPU
		{627CEA12-8AD5-4AB4-BC0D-1B8133590569}.Release|Any CPU.Build.0 = Release|Any CPU
		{E5E98936-E491-4480-8764-0F49692EC47E}.Debug|Any CPU.ActiveCfg = Debug|Any CPU
		{E5E98936-E491-4480-8764-0F49692EC47E}.Debug|Any CPU.Build.0 = Debug|Any CPU
		{E5E98936-E491-4480-8764-0F49692EC47E}.Release|Any CPU.ActiveCfg = Release|Any CPU
		{E5E98936-E491-4480-8764-0F49692EC47E}.Release|Any CPU.Build.0 = Release|Any CPU
		{551DBA21-3222-4F68-84AE-456A7EEDCA4C}.Debug|Any CPU.ActiveCfg = Debug|Any CPU
		{551DBA21-3222-4F68-84AE-456A7EEDCA4C}.Debug|Any CPU.Build.0 = Debug|Any CPU
		{551DBA21-3222-4F68-84AE-456A7EEDCA4C}.Release|Any CPU.ActiveCfg = Release|Any CPU
		{551DBA21-3222-4F68-84AE-456A7EEDCA4C}.Release|Any CPU.Build.0 = Release|Any CPU
		{F093F941-3D60-43FB-830D-8D7A1CE2DAB3}.Debug|Any CPU.ActiveCfg = Debug|Any CPU
		{F093F941-3D60-43FB-830D-8D7A1CE2DAB3}.Debug|Any CPU.Build.0 = Debug|Any CPU
		{F093F941-3D60-43FB-830D-8D7A1CE2DAB3}.Release|Any CPU.ActiveCfg = Release|Any CPU
		{F093F941-3D60-43FB-830D-8D7A1CE2DAB3}.Release|Any CPU.Build.0 = Release|Any CPU
		{02D02E80-96E5-4A93-9AF4-B02762129867}.Debug|Any CPU.ActiveCfg = Debug|Any CPU
		{02D02E80-96E5-4A93-9AF4-B02762129867}.Debug|Any CPU.Build.0 = Debug|Any CPU
		{02D02E80-96E5-4A93-9AF4-B02762129867}.Release|Any CPU.ActiveCfg = Release|Any CPU
		{02D02E80-96E5-4A93-9AF4-B02762129867}.Release|Any CPU.Build.0 = Release|Any CPU
		{BCAA7554-D3C3-460D-872C-9ECB3165453D}.Debug|Any CPU.ActiveCfg = Debug|Any CPU
		{BCAA7554-D3C3-460D-872C-9ECB3165453D}.Debug|Any CPU.Build.0 = Debug|Any CPU
		{BCAA7554-D3C3-460D-872C-9ECB3165453D}.Release|Any CPU.ActiveCfg = Release|Any CPU
		{BCAA7554-D3C3-460D-872C-9ECB3165453D}.Release|Any CPU.Build.0 = Release|Any CPU
		{BE96D5AA-2D0A-4C2D-AAE9-07732CB9079B}.Debug|Any CPU.ActiveCfg = Debug|Any CPU
		{BE96D5AA-2D0A-4C2D-AAE9-07732CB9079B}.Debug|Any CPU.Build.0 = Debug|Any CPU
		{BE96D5AA-2D0A-4C2D-AAE9-07732CB9079B}.Release|Any CPU.ActiveCfg = Release|Any CPU
		{BE96D5AA-2D0A-4C2D-AAE9-07732CB9079B}.Release|Any CPU.Build.0 = Release|Any CPU
	EndGlobalSection
	GlobalSection(SolutionProperties) = preSolution
		HideSolutionNode = FALSE
	EndGlobalSection
	GlobalSection(ExtensibilityGlobals) = postSolution
		SolutionGuid = {03370313-96F3-48EE-AD93-B8A7D113716B}
	EndGlobalSection
EndGlobal
